
Microsoft Visual Studio Solution File, Format Version 12.00
# Visual Studio Version 17
VisualStudioVersion = 17.7.34024.191
MinimumVisualStudioVersion = 10.0.40219.1
Project("{FAE04EC0-301F-11D3-BF4B-00C04F79EFBC}") = "DEMO_PROJECT", "DEMO_PROJECT\DEMO_PROJECT.csproj", "{A75AC3CC-CB19-4B4B-9AD2-885786124830}"
EndProject
Global
	GlobalSection(SolutionConfigurationPlatforms) = preSolution
		Debug|Any CPU = Debug|Any CPU
		Release|Any CPU = Release|Any CPU
	EndGlobalSection
	GlobalSection(ProjectConfigurationPlatforms) = postSolution
		{A75AC3CC-CB19-4B4B-9AD2-885786124830}.Debug|Any CPU.ActiveCfg = Debug|Any CPU
		{A75AC3CC-CB19-4B4B-9AD2-885786124830}.Debug|Any CPU.Build.0 = Debug|Any CPU
		{A75AC3CC-CB19-4B4B-9AD2-885786124830}.Release|Any CPU.ActiveCfg = Release|Any CPU
		{A75AC3CC-CB19-4B4B-9AD2-885786124830}.Release|Any CPU.Build.0 = Release|Any CPU
	EndGlobalSection
	GlobalSection(SolutionProperties) = preSolution
		HideSolutionNode = FALSE
	EndGlobalSection
	GlobalSection(ExtensibilityGlobals) = postSolution
		SolutionGuid = {47A4D34F-4CE9-4FB7-8AE9-50E60A78FF93}
	EndGlobalSection
EndGlobal
